<?xml version="1.0" encoding="utf-8"?>
<Project ToolsVersion="14.0" xmlns="http://schemas.microsoft.com/developer/msbuild/2003">
  <ItemGroup>
    <Filter Include="Assets">
      <UniqueIdentifier>{fa8d545e-6dca-474c-a4aa-e36e4a64867f}</UniqueIdentifier>
    </Filter>
    <ClCompile Include="App.cpp" />
    <ClInclude Include="App.h" />
    <ClCompile Include="Main.cpp" />
    <AppxManifest Include="Package.appxmanifest" />
    <ClCompile Include="pch.cpp" />
    <ClInclude Include="pch.h" />
    <None Include="WSATestCertificate.pfx" />
    <None Include="Assets\SplashScreen.scale-100.png">
      <Filter>Assets</Filter>
    </None>
    <None Include="Assets\SplashScreen.scale-200.png">
      <Filter>Assets</Filter>
    </None>
    <None Include="Assets\Square150x150Logo.scale-100.png">
      <Filter>Assets</Filter>
    </None>
    <None Include="Assets\Square150x150Logo.scale-125.png">
      <Filter>Assets</Filter>
    </None>
    <None Include="Assets\Square150x150Logo.scale-150.png">
      <Filter>Assets</Filter>
    </None>
    <None Include="Assets\Square150x150Logo.scale-200.png">
      <Filter>Assets</Filter>
    </None>
    <None Include="Assets\Square150x150Logo.scale-400.png">
      <Filter>Assets</Filter>
    </None>
    <None Include="Assets\Square310x310Logo.scale-100.png">
      <Filter>Assets</Filter>
    </None>
    <None Include="Assets\Square310x310Logo.scale-125.png">
      <Filter>Assets</Filter>
    </None>
    <None Include="Assets\Square310x310Logo.scale-150.png">
      <Filter>Assets</Filter>
    </None>
    <None Include="Assets\Square310x310Logo.scale-200.png">
      <Filter>Assets</Filter>
    </None>
    <None Include="Assets\Square310x310Logo.scale-400.png">
      <Filter>Assets</Filter>
    </None>
    <None Include="Assets\Square44x44Logo.scale-100.png">
      <Filter>Assets</Filter>
    </None>
    <None Include="Assets\Square44x44Logo.scale-125.png">
      <Filter>Assets</Filter>
    </None>
    <None Include="Assets\Square44x44Logo.scale-150.png">
      <Filter>Assets</Filter>
    </None>
    <None Include="Assets\Square44x44Logo.scale-200.png">
      <Filter>Assets</Filter>
    </None>
    <None Include="Assets\Square44x44Logo.scale-400.png">
      <Filter>Assets</Filter>
    </None>
    <None Include="Assets\Square44x44Logo.targetsize-16.png">
      <Filter>Assets</Filter>
    </None>
    <None Include="Assets\Square44x44Logo.targetsize-16_altform-unplated.png">
      <Filter>Assets</Filter>
    </None>
    <None Include="Assets\Square44x44Logo.targetsize-24.png">
      <Filter>Assets</Filter>
    </None>
    <None Include="Assets\Square44x44Logo.targetsize-24_altform-unplated.png">
      <Filter>Assets</Filter>
    </None>
    <None Include="Assets\Square44x44Logo.targetsize-256.png">
      <Filter>Assets</Filter>
    </None>
    <None Include="Assets\Square44x44Logo.targetsize-256_altform-unplated.png">
      <Filter>Assets</Filter>
    </None>
    <None Include="Assets\Square44x44Logo.targetsize-32.png">
      <Filter>Assets</Filter>
    </None>
    <None Include="Assets\Square44x44Logo.targetsize-32_altform-unplated.png">
      <Filter>Assets</Filter>
    </None>
    <None Include="Assets\Square44x44Logo.targetsize-48.png">
      <Filter>Assets</Filter>
    </None>
    <None Include="Assets\Square44x44Logo.targetsize-48_altform-unplated.png">
      <Filter>Assets</Filter>
    </None>
    <None Include="Assets\Square71x71Logo.scale-100.png">
      <Filter>Assets</Filter>
    </None>
    <None Include="Assets\Square71x71Logo.scale-125.png">
      <Filter>Assets</Filter>
    </None>
    <None Include="Assets\Square71x71Logo.scale-150.png">
      <Filter>Assets</Filter>
    </None>
    <None Include="Assets\Square71x71Logo.scale-200.png">
      <Filter>Assets</Filter>
    </None>
    <None Include="Assets\Square71x71Logo.scale-400.png">
      <Filter>Assets</Filter>
    </None>
    <None Include="Assets\StoreLogo.scale-100.png">
      <Filter>Assets</Filter>
    </None>
    <None Include="Assets\StoreLogo.scale-125.png">
      <Filter>Assets</Filter>
    </None>
    <None Include="Assets\StoreLogo.scale-150.png">
      <Filter>Assets</Filter>
    </None>
    <None Include="Assets\StoreLogo.scale-200.png">
      <Filter>Assets</Filter>
    </None>
    <None Include="Assets\StoreLogo.scale-400.png">
      <Filter>Assets</Filter>
    </None>
    <None Include="Assets\Wide310x150Logo.scale-100.png">
      <Filter>Assets</Filter>
    </None>
    <None Include="Assets\Wide310x150Logo.scale-125.png">
      <Filter>Assets</Filter>
    </None>
    <None Include="Assets\Wide310x150Logo.scale-150.png">
      <Filter>Assets</Filter>
    </None>
    <None Include="Assets\Wide310x150Logo.scale-200.png">
      <Filter>Assets</Filter>
    </None>
    <None Include="Assets\Wide310x150Logo.scale-400.png">
      <Filter>Assets</Filter>
    </None>
  </ItemGroup>
</Project>